
Microsoft Visual Studio Solution File, Format Version 12.00
# Visual Studio Version 17
VisualStudioVersion = 17.0.32014.148
MinimumVisualStudioVersion = 10.0.40219.1
Project("{FAE04EC0-301F-11D3-BF4B-00C04F79EFBC}") = "Academy Portal", "Academy Portal\Academy Portal.csproj", "{AE78EAB1-29E0-4E67-A546-7C576E1676CE}"
EndProject
Global
	GlobalSection(SolutionConfigurationPlatforms) = preSolution
		Debug|Any CPU = Debug|Any CPU
		Release|Any CPU = Release|Any CPU
	EndGlobalSection
	GlobalSection(ProjectConfigurationPlatforms) = postSolution
		{AE78EAB1-29E0-4E67-A546-7C576E1676CE}.Debug|Any CPU.ActiveCfg = Debug|Any CPU
		{AE78EAB1-29E0-4E67-A546-7C576E1676CE}.Debug|Any CPU.Build.0 = Debug|Any CPU
		{AE78EAB1-29E0-4E67-A546-7C576E1676CE}.Release|Any CPU.ActiveCfg = Release|Any CPU
		{AE78EAB1-29E0-4E67-A546-7C576E1676CE}.Release|Any CPU.Build.0 = Release|Any CPU
	EndGlobalSection
	GlobalSection(SolutionProperties) = preSolution
		HideSolutionNode = FALSE
	EndGlobalSection
	GlobalSection(ExtensibilityGlobals) = postSolution
		SolutionGuid = {2943B448-B292-4A4D-BAA4-9B2FD934943B}
	EndGlobalSection
EndGlobal
